
Microsoft Visual Studio Solution File, Format Version 12.00
# Visual Studio Version 17
VisualStudioVersion = 17.0.32014.148
MinimumVisualStudioVersion = 10.0.40219.1
Project("{2150E333-8FDC-42A3-9474-1A3956D46DE8}") = "Infrastructure", "Infrastructure", "{0C2DEB9B-B6D3-4619-881E-1913BD24D1F3}"
EndProject
Project("{2150E333-8FDC-42A3-9474-1A3956D46DE8}") = "Persistence", "Persistence", "{74BBF5D3-B671-4D69-BBAD-046EA6F9FAD4}"
EndProject
Project("{2150E333-8FDC-42A3-9474-1A3956D46DE8}") = "Solution Items", "Solution Items", "{77F70133-D63E-4478-AC23-FC68885C98E1}"
	ProjectSection(SolutionItems) = preProject
		appSettings.json = appSettings.json
		nlog.config = nlog.config
	EndProjectSection
EndProject
Project("{2150E333-8FDC-42A3-9474-1A3956D46DE8}") = "Executables", "Executables", "{E543F4E5-E57C-4CC5-9176-3D7440B2E8EA}"
EndProject
Project("{2150E333-8FDC-42A3-9474-1A3956D46DE8}") = "Domain", "Domain", "{81905FCE-DB1B-4BF6-BB12-E05EDA81D23E}"
EndProject
Project("{2150E333-8FDC-42A3-9474-1A3956D46DE8}") = "Caching", "Caching", "{B8CAAC5C-4EFE-4595-B103-190F0DD379EF}"
EndProject
Project("{2150E333-8FDC-42A3-9474-1A3956D46DE8}") = "Storage", "Storage", "{3D0B19C2-C88E-4B34-9073-677642831EB0}"
EndProject
Project("{2150E333-8FDC-42A3-9474-1A3956D46DE8}") = "Coomon", "Coomon", "{7021F5C1-AE52-48D1-80B0-69E69CF00B14}"
EndProject
Project("{2150E333-8FDC-42A3-9474-1A3956D46DE8}") = "FileStorage", "FileStorage", "{7E4715C0-1B42-4624-9088-24435527DDFA}"
EndProject
Project("{9A19103F-16F7-4668-BE54-9A1E7A4F7556}") = "LifeTracker.JobExecutor", "src\Executables\JobExecutor\LifeTracker.JobExecutor.csproj", "{991852CA-7B48-4BC1-B24F-3C4ADA499CED}"
EndProject
Project("{9A19103F-16F7-4668-BE54-9A1E7A4F7556}") = "LifeTracker.TelegramBot.Handlers", "src\Executables\TelegramBot.Handlers\LifeTracker.TelegramBot.Handlers.csproj", "{257E5EB8-AD7B-4F91-B667-43CB0256A278}"
EndProject
Project("{9A19103F-16F7-4668-BE54-9A1E7A4F7556}") = "LifeTracker.TelegramBot.IOHandler", "src\Executables\TelegramBot.IOHandler\LifeTracker.TelegramBot.IOHandler.csproj", "{F3460E99-DA19-4EF1-9439-65F3FD1EE23C}"
EndProject
Project("{9A19103F-16F7-4668-BE54-9A1E7A4F7556}") = "Application", "src\Domain\Domain\Application.csproj", "{1B1212AA-A1AD-4A8B-A3DF-B115CE541FB0}"
EndProject
Project("{9A19103F-16F7-4668-BE54-9A1E7A4F7556}") = "TextUI.Core", "src\Domain\TextUI.Core\TextUI.Core.csproj", "{0DEB8C2D-9885-468E-953D-584089EA5351}"
EndProject
Project("{9A19103F-16F7-4668-BE54-9A1E7A4F7556}") = "Common", "src\Common\Common.csproj", "{9ABFF7CC-071F-4BDB-B0EB-C9DC02AF418B}"
EndProject
Project("{9A19103F-16F7-4668-BE54-9A1E7A4F7556}") = "Persistence.Caching.Redis", "src\Persistence\Persistence.Caching.Redis\Persistence.Caching.Redis.csproj", "{480423E8-8E8B-488F-B93D-DAE6121C2BC3}"
EndProject
Project("{9A19103F-16F7-4668-BE54-9A1E7A4F7556}") = "Persistence.Caching.Redis.TelegramCaching", "src\Persistence\Persistence.Caching.Redis.TelegramCaching\Persistence.Caching.Redis.TelegramCaching.csproj", "{82B0FB0F-3FDC-4D2D-A265-538CE5B8DD9B}"
EndProject
Project("{9A19103F-16F7-4668-BE54-9A1E7A4F7556}") = "Persistence.Caching.SqlLite", "src\Persistence\Persistence.Caching.SqlLite\Persistence.Caching.SqlLite.csproj", "{2D9D85E4-04D2-4126-9CFF-C4C919A3F3BD}"
EndProject
Project("{9A19103F-16F7-4668-BE54-9A1E7A4F7556}") = "Persistence.Common.DataAccess", "src\Persistence\Persistence.Common.DataAccess\Persistence.Common.DataAccess.csproj", "{4FD79878-AEC1-4DD1-91B5-E3000AD6CE95}"
EndProject
Project("{9A19103F-16F7-4668-BE54-9A1E7A4F7556}") = "Persistence.FileStorage.Postgres", "src\Persistence\Persistence.FileStorage.Postgres\Persistence.FileStorage.Postgres.csproj", "{559F02F0-E619-4D3D-944E-DE088EF79E2B}"
EndProject
Project("{9A19103F-16F7-4668-BE54-9A1E7A4F7556}") = "Persistence.Master", "src\Persistence\Infrastructure.Sql\Persistence.Master.csproj", "{CB77B307-FF47-41C5-9B12-096BF2BA116D}"
EndProject
Project("{9A19103F-16F7-4668-BE54-9A1E7A4F7556}") = "Infrastructure.Queuing", "src\Persistence\Infrastructure.Queuing\Infrastructure.Queuing.csproj", "{1F11F477-C03F-4514-847A-D0B7ABD48A59}"
EndProject
Project("{9A19103F-16F7-4668-BE54-9A1E7A4F7556}") = "Persistence.Synchronization", "src\Persistence\Persistence.Synchronization\Persistence.Synchronization.csproj", "{EDFF041B-2884-4E5D-8179-880D69A169D2}"
EndProject
Project("{9A19103F-16F7-4668-BE54-9A1E7A4F7556}") = "Domain.TelegramBot", "src\Domain.TelegramBot\Domain.TelegramBot.csproj", "{321F76DA-D30E-4B26-9507-61E26A54AD71}"
EndProject
Project("{9A19103F-16F7-4668-BE54-9A1E7A4F7556}") = "Kernel", "src\Kernel\Kernel.csproj", "{50E396CE-8BB3-46F5-AA28-EAEE51656C24}"
EndProject
Project("{2150E333-8FDC-42A3-9474-1A3956D46DE8}") = "Integration", "Integration", "{B0A10E7E-E9FC-4369-992E-C5D17951F4F9}"
EndProject
Project("{9A19103F-16F7-4668-BE54-9A1E7A4F7556}") = "Integration.Applications", "Integration.Applications\Integration.Applications.csproj", "{11437FC7-0006-4A20-95FF-71E0AE0F76B0}"
EndProject
Project("{9A19103F-16F7-4668-BE54-9A1E7A4F7556}") = "SimpleJobScheduler", "SimpleScheduler\SimpleJobScheduler.csproj", "{F5048E74-70B1-4057-BCF2-12B94EDD23F5}"
EndProject
Project("{9A19103F-16F7-4668-BE54-9A1E7A4F7556}") = "LifeTracker.Web.Host", "LifeTracker.Web.Host\LifeTracker.Web.Host.csproj", "{F80798F1-D251-4AD8-8776-F6B9A04A6337}"
EndProject
Project("{2150E333-8FDC-42A3-9474-1A3956D46DE8}") = "WebAPI", "WebAPI", "{EAAF87F4-0C8B-4625-91B6-4BBCD885D230}"
EndProject
Project("{FAE04EC0-301F-11D3-BF4B-00C04F79EFBC}") = "LifeTracker.Web.Core", "LifeTracker.Web.Core\LifeTracker.Web.Core.csproj", "{8A5473C0-19B4-4CB5-BCF8-7F341F3E9BA8}"
EndProject
Global
	GlobalSection(SolutionConfigurationPlatforms) = preSolution
		Debug|Any CPU = Debug|Any CPU
		Release|Any CPU = Release|Any CPU
	EndGlobalSection
	GlobalSection(ProjectConfigurationPlatforms) = postSolution
		{991852CA-7B48-4BC1-B24F-3C4ADA499CED}.Debug|Any CPU.ActiveCfg = Debug|Any CPU
		{991852CA-7B48-4BC1-B24F-3C4ADA499CED}.Debug|Any CPU.Build.0 = Debug|Any CPU
		{991852CA-7B48-4BC1-B24F-3C4ADA499CED}.Release|Any CPU.ActiveCfg = Release|Any CPU
		{991852CA-7B48-4BC1-B24F-3C4ADA499CED}.Release|Any CPU.Build.0 = Release|Any CPU
		{257E5EB8-AD7B-4F91-B667-43CB0256A278}.Debug|Any CPU.ActiveCfg = Debug|Any CPU
		{257E5EB8-AD7B-4F91-B667-43CB0256A278}.Debug|Any CPU.Build.0 = Debug|Any CPU
		{257E5EB8-AD7B-4F91-B667-43CB0256A278}.Release|Any CPU.ActiveCfg = Release|Any CPU
		{257E5EB8-AD7B-4F91-B667-43CB0256A278}.Release|Any CPU.Build.0 = Release|Any CPU
		{F3460E99-DA19-4EF1-9439-65F3FD1EE23C}.Debug|Any CPU.ActiveCfg = Debug|Any CPU
		{F3460E99-DA19-4EF1-9439-65F3FD1EE23C}.Debug|Any CPU.Build.0 = Debug|Any CPU
		{F3460E99-DA19-4EF1-9439-65F3FD1EE23C}.Release|Any CPU.ActiveCfg = Release|Any CPU
		{F3460E99-DA19-4EF1-9439-65F3FD1EE23C}.Release|Any CPU.Build.0 = Release|Any CPU
		{1B1212AA-A1AD-4A8B-A3DF-B115CE541FB0}.Debug|Any CPU.ActiveCfg = Debug|Any CPU
		{1B1212AA-A1AD-4A8B-A3DF-B115CE541FB0}.Debug|Any CPU.Build.0 = Debug|Any CPU
		{1B1212AA-A1AD-4A8B-A3DF-B115CE541FB0}.Release|Any CPU.ActiveCfg = Release|Any CPU
		{1B1212AA-A1AD-4A8B-A3DF-B115CE541FB0}.Release|Any CPU.Build.0 = Release|Any CPU
		{0DEB8C2D-9885-468E-953D-584089EA5351}.Debug|Any CPU.ActiveCfg = Debug|Any CPU
		{0DEB8C2D-9885-468E-953D-584089EA5351}.Debug|Any CPU.Build.0 = Debug|Any CPU
		{0DEB8C2D-9885-468E-953D-584089EA5351}.Release|Any CPU.ActiveCfg = Release|Any CPU
		{0DEB8C2D-9885-468E-953D-584089EA5351}.Release|Any CPU.Build.0 = Release|Any CPU
		{9ABFF7CC-071F-4BDB-B0EB-C9DC02AF418B}.Debug|Any CPU.ActiveCfg = Debug|Any CPU
		{9ABFF7CC-071F-4BDB-B0EB-C9DC02AF418B}.Debug|Any CPU.Build.0 = Debug|Any CPU
		{9ABFF7CC-071F-4BDB-B0EB-C9DC02AF418B}.Release|Any CPU.ActiveCfg = Release|Any CPU
		{9ABFF7CC-071F-4BDB-B0EB-C9DC02AF418B}.Release|Any CPU.Build.0 = Release|Any CPU
		{480423E8-8E8B-488F-B93D-DAE6121C2BC3}.Debug|Any CPU.ActiveCfg = Debug|Any CPU
		{480423E8-8E8B-488F-B93D-DAE6121C2BC3}.Debug|Any CPU.Build.0 = Debug|Any CPU
		{480423E8-8E8B-488F-B93D-DAE6121C2BC3}.Release|Any CPU.ActiveCfg = Release|Any CPU
		{480423E8-8E8B-488F-B93D-DAE6121C2BC3}.Release|Any CPU.Build.0 = Release|Any CPU
		{82B0FB0F-3FDC-4D2D-A265-538CE5B8DD9B}.Debug|Any CPU.ActiveCfg = Debug|Any CPU
		{82B0FB0F-3FDC-4D2D-A265-538CE5B8DD9B}.Debug|Any CPU.Build.0 = Debug|Any CPU
		{82B0FB0F-3FDC-4D2D-A265-538CE5B8DD9B}.Release|Any CPU.ActiveCfg = Release|Any CPU
		{82B0FB0F-3FDC-4D2D-A265-538CE5B8DD9B}.Release|Any CPU.Build.0 = Release|Any CPU
		{2D9D85E4-04D2-4126-9CFF-C4C919A3F3BD}.Debug|Any CPU.ActiveCfg = Debug|Any CPU
		{2D9D85E4-04D2-4126-9CFF-C4C919A3F3BD}.Debug|Any CPU.Build.0 = Debug|Any CPU
		{2D9D85E4-04D2-4126-9CFF-C4C919A3F3BD}.Release|Any CPU.ActiveCfg = Release|Any CPU
		{2D9D85E4-04D2-4126-9CFF-C4C919A3F3BD}.Release|Any CPU.Build.0 = Release|Any CPU
		{4FD79878-AEC1-4DD1-91B5-E3000AD6CE95}.Debug|Any CPU.ActiveCfg = Debug|Any CPU
		{4FD79878-AEC1-4DD1-91B5-E3000AD6CE95}.Debug|Any CPU.Build.0 = Debug|Any CPU
		{4FD79878-AEC1-4DD1-91B5-E3000AD6CE95}.Release|Any CPU.ActiveCfg = Release|Any CPU
		{4FD79878-AEC1-4DD1-91B5-E3000AD6CE95}.Release|Any CPU.Build.0 = Release|Any CPU
		{559F02F0-E619-4D3D-944E-DE088EF79E2B}.Debug|Any CPU.ActiveCfg = Debug|Any CPU
		{559F02F0-E619-4D3D-944E-DE088EF79E2B}.Debug|Any CPU.Build.0 = Debug|Any CPU
		{559F02F0-E619-4D3D-944E-DE088EF79E2B}.Release|Any CPU.ActiveCfg = Release|Any CPU
		{559F02F0-E619-4D3D-944E-DE088EF79E2B}.Release|Any CPU.Build.0 = Release|Any CPU
		{CB77B307-FF47-41C5-9B12-096BF2BA116D}.Debug|Any CPU.ActiveCfg = Debug|Any CPU
		{CB77B307-FF47-41C5-9B12-096BF2BA116D}.Debug|Any CPU.Build.0 = Debug|Any CPU
		{CB77B307-FF47-41C5-9B12-096BF2BA116D}.Release|Any CPU.ActiveCfg = Release|Any CPU
		{CB77B307-FF47-41C5-9B12-096BF2BA116D}.Release|Any CPU.Build.0 = Release|Any CPU
		{1F11F477-C03F-4514-847A-D0B7ABD48A59}.Debug|Any CPU.ActiveCfg = Debug|Any CPU
		{1F11F477-C03F-4514-847A-D0B7ABD48A59}.Debug|Any CPU.Build.0 = Debug|Any CPU
		{1F11F477-C03F-4514-847A-D0B7ABD48A59}.Release|Any CPU.ActiveCfg = Release|Any CPU
		{1F11F477-C03F-4514-847A-D0B7ABD48A59}.Release|Any CPU.Build.0 = Release|Any CPU
		{EDFF041B-2884-4E5D-8179-880D69A169D2}.Debug|Any CPU.ActiveCfg = Debug|Any CPU
		{EDFF041B-2884-4E5D-8179-880D69A169D2}.Debug|Any CPU.Build.0 = Debug|Any CPU
		{EDFF041B-2884-4E5D-8179-880D69A169D2}.Release|Any CPU.ActiveCfg = Release|Any CPU
		{EDFF041B-2884-4E5D-8179-880D69A169D2}.Release|Any CPU.Build.0 = Release|Any CPU
		{321F76DA-D30E-4B26-9507-61E26A54AD71}.Debug|Any CPU.ActiveCfg = Debug|Any CPU
		{321F76DA-D30E-4B26-9507-61E26A54AD71}.Debug|Any CPU.Build.0 = Debug|Any CPU
		{321F76DA-D30E-4B26-9507-61E26A54AD71}.Release|Any CPU.ActiveCfg = Release|Any CPU
		{321F76DA-D30E-4B26-9507-61E26A54AD71}.Release|Any CPU.Build.0 = Release|Any CPU
		{50E396CE-8BB3-46F5-AA28-EAEE51656C24}.Debug|Any CPU.ActiveCfg = Debug|Any CPU
		{50E396CE-8BB3-46F5-AA28-EAEE51656C24}.Debug|Any CPU.Build.0 = Debug|Any CPU
		{50E396CE-8BB3-46F5-AA28-EAEE51656C24}.Release|Any CPU.ActiveCfg = Release|Any CPU
		{50E396CE-8BB3-46F5-AA28-EAEE51656C24}.Release|Any CPU.Build.0 = Release|Any CPU
		{11437FC7-0006-4A20-95FF-71E0AE0F76B0}.Debug|Any CPU.ActiveCfg = Debug|Any CPU
		{11437FC7-0006-4A20-95FF-71E0AE0F76B0}.Debug|Any CPU.Build.0 = Debug|Any CPU
		{11437FC7-0006-4A20-95FF-71E0AE0F76B0}.Release|Any CPU.ActiveCfg = Release|Any CPU
		{11437FC7-0006-4A20-95FF-71E0AE0F76B0}.Release|Any CPU.Build.0 = Release|Any CPU
		{F5048E74-70B1-4057-BCF2-12B94EDD23F5}.Debug|Any CPU.ActiveCfg = Debug|Any CPU
		{F5048E74-70B1-4057-BCF2-12B94EDD23F5}.Debug|Any CPU.Build.0 = Debug|Any CPU
		{F5048E74-70B1-4057-BCF2-12B94EDD23F5}.Release|Any CPU.ActiveCfg = Release|Any CPU
		{F5048E74-70B1-4057-BCF2-12B94EDD23F5}.Release|Any CPU.Build.0 = Release|Any CPU
		{F80798F1-D251-4AD8-8776-F6B9A04A6337}.Debug|Any CPU.ActiveCfg = Debug|Any CPU
		{F80798F1-D251-4AD8-8776-F6B9A04A6337}.Debug|Any CPU.Build.0 = Debug|Any CPU
		{F80798F1-D251-4AD8-8776-F6B9A04A6337}.Release|Any CPU.ActiveCfg = Release|Any CPU
		{F80798F1-D251-4AD8-8776-F6B9A04A6337}.Release|Any CPU.Build.0 = Release|Any CPU
		{8A5473C0-19B4-4CB5-BCF8-7F341F3E9BA8}.Debug|Any CPU.ActiveCfg = Debug|Any CPU
		{8A5473C0-19B4-4CB5-BCF8-7F341F3E9BA8}.Debug|Any CPU.Build.0 = Debug|Any CPU
		{8A5473C0-19B4-4CB5-BCF8-7F341F3E9BA8}.Release|Any CPU.ActiveCfg = Release|Any CPU
		{8A5473C0-19B4-4CB5-BCF8-7F341F3E9BA8}.Release|Any CPU.Build.0 = Release|Any CPU
	EndGlobalSection
	GlobalSection(SolutionProperties) = preSolution
		HideSolutionNode = FALSE
	EndGlobalSection
	GlobalSection(NestedProjects) = preSolution
		{74BBF5D3-B671-4D69-BBAD-046EA6F9FAD4} = {0C2DEB9B-B6D3-4619-881E-1913BD24D1F3}
		{B8CAAC5C-4EFE-4595-B103-190F0DD379EF} = {74BBF5D3-B671-4D69-BBAD-046EA6F9FAD4}
		{3D0B19C2-C88E-4B34-9073-677642831EB0} = {74BBF5D3-B671-4D69-BBAD-046EA6F9FAD4}
		{7E4715C0-1B42-4624-9088-24435527DDFA} = {3D0B19C2-C88E-4B34-9073-677642831EB0}
		{991852CA-7B48-4BC1-B24F-3C4ADA499CED} = {E543F4E5-E57C-4CC5-9176-3D7440B2E8EA}
		{257E5EB8-AD7B-4F91-B667-43CB0256A278} = {E543F4E5-E57C-4CC5-9176-3D7440B2E8EA}
		{F3460E99-DA19-4EF1-9439-65F3FD1EE23C} = {E543F4E5-E57C-4CC5-9176-3D7440B2E8EA}
		{1B1212AA-A1AD-4A8B-A3DF-B115CE541FB0} = {81905FCE-DB1B-4BF6-BB12-E05EDA81D23E}
		{0DEB8C2D-9885-468E-953D-584089EA5351} = {81905FCE-DB1B-4BF6-BB12-E05EDA81D23E}
		{9ABFF7CC-071F-4BDB-B0EB-C9DC02AF418B} = {7021F5C1-AE52-48D1-80B0-69E69CF00B14}
		{480423E8-8E8B-488F-B93D-DAE6121C2BC3} = {B8CAAC5C-4EFE-4595-B103-190F0DD379EF}
		{82B0FB0F-3FDC-4D2D-A265-538CE5B8DD9B} = {B8CAAC5C-4EFE-4595-B103-190F0DD379EF}
		{2D9D85E4-04D2-4126-9CFF-C4C919A3F3BD} = {B8CAAC5C-4EFE-4595-B103-190F0DD379EF}
		{4FD79878-AEC1-4DD1-91B5-E3000AD6CE95} = {3D0B19C2-C88E-4B34-9073-677642831EB0}
		{559F02F0-E619-4D3D-944E-DE088EF79E2B} = {7E4715C0-1B42-4624-9088-24435527DDFA}
		{CB77B307-FF47-41C5-9B12-096BF2BA116D} = {3D0B19C2-C88E-4B34-9073-677642831EB0}
		{1F11F477-C03F-4514-847A-D0B7ABD48A59} = {3D0B19C2-C88E-4B34-9073-677642831EB0}
		{EDFF041B-2884-4E5D-8179-880D69A169D2} = {3D0B19C2-C88E-4B34-9073-677642831EB0}
		{321F76DA-D30E-4B26-9507-61E26A54AD71} = {81905FCE-DB1B-4BF6-BB12-E05EDA81D23E}
		{50E396CE-8BB3-46F5-AA28-EAEE51656C24} = {7021F5C1-AE52-48D1-80B0-69E69CF00B14}
		{B0A10E7E-E9FC-4369-992E-C5D17951F4F9} = {0C2DEB9B-B6D3-4619-881E-1913BD24D1F3}
		{11437FC7-0006-4A20-95FF-71E0AE0F76B0} = {B0A10E7E-E9FC-4369-992E-C5D17951F4F9}
		{F5048E74-70B1-4057-BCF2-12B94EDD23F5} = {0C2DEB9B-B6D3-4619-881E-1913BD24D1F3}
		{F80798F1-D251-4AD8-8776-F6B9A04A6337} = {EAAF87F4-0C8B-4625-91B6-4BBCD885D230}
		{EAAF87F4-0C8B-4625-91B6-4BBCD885D230} = {E543F4E5-E57C-4CC5-9176-3D7440B2E8EA}
		{8A5473C0-19B4-4CB5-BCF8-7F341F3E9BA8} = {EAAF87F4-0C8B-4625-91B6-4BBCD885D230}
	EndGlobalSection
	GlobalSection(ExtensibilityGlobals) = postSolution
		SolutionGuid = {80D05912-2D7B-4B13-8F4C-25DEDE32BC5B}
	EndGlobalSection
EndGlobal
