
Microsoft Visual Studio Solution File, Format Version 12.00
# Visual Studio Version 17
VisualStudioVersion = 17.0.32014.148
MinimumVisualStudioVersion = 10.0.40219.1
Project("{9A19103F-16F7-4668-BE54-9A1E7A4F7556}") = "Application", "Domain\Application.csproj", "{BC1651EA-3E72-49FF-B3A7-A65E3BAA4C56}"
EndProject
Project("{9A19103F-16F7-4668-BE54-9A1E7A4F7556}") = "Persistence.Sql", "Infrastructure.Sql\Persistence.Sql.csproj", "{E336F49E-5E34-420C-B528-FCA69D4D0ABD}"
EndProject
Project("{2150E333-8FDC-42A3-9474-1A3956D46DE8}") = "Infrastructure", "Infrastructure", "{0C2DEB9B-B6D3-4619-881E-1913BD24D1F3}"
EndProject
Project("{2150E333-8FDC-42A3-9474-1A3956D46DE8}") = "Persistence", "Persistence", "{74BBF5D3-B671-4D69-BBAD-046EA6F9FAD4}"
EndProject
Project("{9A19103F-16F7-4668-BE54-9A1E7A4F7556}") = "Persistence.Caching.Redis", "Persistence.Caching.Redis\Persistence.Caching.Redis.csproj", "{EF069282-47EA-4529-8C2F-EB0235D508D1}"
EndProject
Project("{9A19103F-16F7-4668-BE54-9A1E7A4F7556}") = "Persistence.Caching.Redis.TelegramCaching", "Persistence.Caching.Redis.TelegramCaching\Persistence.Caching.Redis.TelegramCaching.csproj", "{0BD43284-5538-48F2-B7BC-99CC4FE5214E}"
EndProject
Project("{9A19103F-16F7-4668-BE54-9A1E7A4F7556}") = "TelegramBot.IOHandler", "TelegramBot.IOHandler\TelegramBot.IOHandler.csproj", "{0D5D614C-4066-4C9C-8D95-EAADBC9B5525}"
EndProject
Project("{9A19103F-16F7-4668-BE54-9A1E7A4F7556}") = "Infrastructure.Queuing", "Infrastructure.Queuing\Infrastructure.Queuing.csproj", "{D742469B-8AF4-478F-8589-A1108D02F8C0}"
EndProject
Project("{9A19103F-16F7-4668-BE54-9A1E7A4F7556}") = "Persistence.Common.DataAccess", "Persistence.Common.DataAccess\Persistence.Common.DataAccess.csproj", "{850EC662-7E96-41AF-80E2-AAF86454E2CA}"
EndProject
Project("{9A19103F-16F7-4668-BE54-9A1E7A4F7556}") = "Common", "Common\Common.csproj", "{F886BD3A-B00D-4550-AC9D-9E1C78EDFFE7}"
EndProject
Project("{2150E333-8FDC-42A3-9474-1A3956D46DE8}") = "Solution Items", "Solution Items", "{77F70133-D63E-4478-AC23-FC68885C98E1}"
	ProjectSection(SolutionItems) = preProject
		appSettings.json = appSettings.json
		nlog.config = nlog.config
	EndProjectSection
EndProject
Project("{9A19103F-16F7-4668-BE54-9A1E7A4F7556}") = "Persistence.Caching.SqlLite", "Persistence.Caching.SqlLite\Persistence.Caching.SqlLite.csproj", "{2627FF28-6F47-44CC-8CA8-1F015626BFBD}"
EndProject
Project("{2150E333-8FDC-42A3-9474-1A3956D46DE8}") = "Executables", "Executables", "{E543F4E5-E57C-4CC5-9176-3D7440B2E8EA}"
EndProject
Project("{2150E333-8FDC-42A3-9474-1A3956D46DE8}") = "Domain", "Domain", "{81905FCE-DB1B-4BF6-BB12-E05EDA81D23E}"
EndProject
Project("{2150E333-8FDC-42A3-9474-1A3956D46DE8}") = "Caching", "Caching", "{B8CAAC5C-4EFE-4595-B103-190F0DD379EF}"
EndProject
Project("{2150E333-8FDC-42A3-9474-1A3956D46DE8}") = "Storage", "Storage", "{3D0B19C2-C88E-4B34-9073-677642831EB0}"
EndProject
Project("{2150E333-8FDC-42A3-9474-1A3956D46DE8}") = "Coomon", "Coomon", "{7021F5C1-AE52-48D1-80B0-69E69CF00B14}"
EndProject
Project("{9A19103F-16F7-4668-BE54-9A1E7A4F7556}") = "Domain.TelegramBot", "Domain.TelegramBot\Domain.TelegramBot.csproj", "{012B5DF1-99BE-43AD-A100-6287FF5DB142}"
EndProject
Project("{9A19103F-16F7-4668-BE54-9A1E7A4F7556}") = "TelegramBot.Handlers", "TelegramBot.Handlers\TelegramBot.Handlers.csproj", "{DDB0EB33-6A84-461A-BC5F-66AEA84E2A49}"
EndProject
Project("{9A19103F-16F7-4668-BE54-9A1E7A4F7556}") = "JobExecutor", "JobExecutor\JobExecutor.csproj", "{D8055EDF-42AE-46BE-A734-78CF892CE3B5}"
EndProject
Project("{9A19103F-16F7-4668-BE54-9A1E7A4F7556}") = "Kernel", "Kernel\Kernel.csproj", "{7D7A6FEF-B2B2-4DDE-B65A-5B8A0C35411D}"
EndProject
Project("{9A19103F-16F7-4668-BE54-9A1E7A4F7556}") = "TextUI.Core", "TextUI.Core\TextUI.Core.csproj", "{5AB48931-45B5-4ADF-A0D9-15AF67E07415}"
EndProject
Global
	GlobalSection(SolutionConfigurationPlatforms) = preSolution
		Debug|Any CPU = Debug|Any CPU
		Release|Any CPU = Release|Any CPU
	EndGlobalSection
	GlobalSection(ProjectConfigurationPlatforms) = postSolution
		{BC1651EA-3E72-49FF-B3A7-A65E3BAA4C56}.Debug|Any CPU.ActiveCfg = Debug|Any CPU
		{BC1651EA-3E72-49FF-B3A7-A65E3BAA4C56}.Debug|Any CPU.Build.0 = Debug|Any CPU
		{BC1651EA-3E72-49FF-B3A7-A65E3BAA4C56}.Release|Any CPU.ActiveCfg = Release|Any CPU
		{BC1651EA-3E72-49FF-B3A7-A65E3BAA4C56}.Release|Any CPU.Build.0 = Release|Any CPU
		{E336F49E-5E34-420C-B528-FCA69D4D0ABD}.Debug|Any CPU.ActiveCfg = Debug|Any CPU
		{E336F49E-5E34-420C-B528-FCA69D4D0ABD}.Debug|Any CPU.Build.0 = Debug|Any CPU
		{E336F49E-5E34-420C-B528-FCA69D4D0ABD}.Release|Any CPU.ActiveCfg = Release|Any CPU
		{E336F49E-5E34-420C-B528-FCA69D4D0ABD}.Release|Any CPU.Build.0 = Release|Any CPU
		{EF069282-47EA-4529-8C2F-EB0235D508D1}.Debug|Any CPU.ActiveCfg = Debug|Any CPU
		{EF069282-47EA-4529-8C2F-EB0235D508D1}.Debug|Any CPU.Build.0 = Debug|Any CPU
		{EF069282-47EA-4529-8C2F-EB0235D508D1}.Release|Any CPU.ActiveCfg = Release|Any CPU
		{EF069282-47EA-4529-8C2F-EB0235D508D1}.Release|Any CPU.Build.0 = Release|Any CPU
		{0BD43284-5538-48F2-B7BC-99CC4FE5214E}.Debug|Any CPU.ActiveCfg = Debug|Any CPU
		{0BD43284-5538-48F2-B7BC-99CC4FE5214E}.Debug|Any CPU.Build.0 = Debug|Any CPU
		{0BD43284-5538-48F2-B7BC-99CC4FE5214E}.Release|Any CPU.ActiveCfg = Release|Any CPU
		{0BD43284-5538-48F2-B7BC-99CC4FE5214E}.Release|Any CPU.Build.0 = Release|Any CPU
		{0D5D614C-4066-4C9C-8D95-EAADBC9B5525}.Debug|Any CPU.ActiveCfg = Debug|Any CPU
		{0D5D614C-4066-4C9C-8D95-EAADBC9B5525}.Debug|Any CPU.Build.0 = Debug|Any CPU
		{0D5D614C-4066-4C9C-8D95-EAADBC9B5525}.Release|Any CPU.ActiveCfg = Release|Any CPU
		{0D5D614C-4066-4C9C-8D95-EAADBC9B5525}.Release|Any CPU.Build.0 = Release|Any CPU
		{D742469B-8AF4-478F-8589-A1108D02F8C0}.Debug|Any CPU.ActiveCfg = Debug|Any CPU
		{D742469B-8AF4-478F-8589-A1108D02F8C0}.Debug|Any CPU.Build.0 = Debug|Any CPU
		{D742469B-8AF4-478F-8589-A1108D02F8C0}.Release|Any CPU.ActiveCfg = Release|Any CPU
		{D742469B-8AF4-478F-8589-A1108D02F8C0}.Release|Any CPU.Build.0 = Release|Any CPU
		{850EC662-7E96-41AF-80E2-AAF86454E2CA}.Debug|Any CPU.ActiveCfg = Debug|Any CPU
		{850EC662-7E96-41AF-80E2-AAF86454E2CA}.Debug|Any CPU.Build.0 = Debug|Any CPU
		{850EC662-7E96-41AF-80E2-AAF86454E2CA}.Release|Any CPU.ActiveCfg = Release|Any CPU
		{850EC662-7E96-41AF-80E2-AAF86454E2CA}.Release|Any CPU.Build.0 = Release|Any CPU
		{F886BD3A-B00D-4550-AC9D-9E1C78EDFFE7}.Debug|Any CPU.ActiveCfg = Debug|Any CPU
		{F886BD3A-B00D-4550-AC9D-9E1C78EDFFE7}.Debug|Any CPU.Build.0 = Debug|Any CPU
		{F886BD3A-B00D-4550-AC9D-9E1C78EDFFE7}.Release|Any CPU.ActiveCfg = Release|Any CPU
		{F886BD3A-B00D-4550-AC9D-9E1C78EDFFE7}.Release|Any CPU.Build.0 = Release|Any CPU
		{2627FF28-6F47-44CC-8CA8-1F015626BFBD}.Debug|Any CPU.ActiveCfg = Debug|Any CPU
		{2627FF28-6F47-44CC-8CA8-1F015626BFBD}.Debug|Any CPU.Build.0 = Debug|Any CPU
		{2627FF28-6F47-44CC-8CA8-1F015626BFBD}.Release|Any CPU.ActiveCfg = Release|Any CPU
		{2627FF28-6F47-44CC-8CA8-1F015626BFBD}.Release|Any CPU.Build.0 = Release|Any CPU
		{012B5DF1-99BE-43AD-A100-6287FF5DB142}.Debug|Any CPU.ActiveCfg = Debug|Any CPU
		{012B5DF1-99BE-43AD-A100-6287FF5DB142}.Debug|Any CPU.Build.0 = Debug|Any CPU
		{012B5DF1-99BE-43AD-A100-6287FF5DB142}.Release|Any CPU.ActiveCfg = Release|Any CPU
		{012B5DF1-99BE-43AD-A100-6287FF5DB142}.Release|Any CPU.Build.0 = Release|Any CPU
		{DDB0EB33-6A84-461A-BC5F-66AEA84E2A49}.Debug|Any CPU.ActiveCfg = Debug|Any CPU
		{DDB0EB33-6A84-461A-BC5F-66AEA84E2A49}.Debug|Any CPU.Build.0 = Debug|Any CPU
		{DDB0EB33-6A84-461A-BC5F-66AEA84E2A49}.Release|Any CPU.ActiveCfg = Release|Any CPU
		{DDB0EB33-6A84-461A-BC5F-66AEA84E2A49}.Release|Any CPU.Build.0 = Release|Any CPU
		{D8055EDF-42AE-46BE-A734-78CF892CE3B5}.Debug|Any CPU.ActiveCfg = Debug|Any CPU
		{D8055EDF-42AE-46BE-A734-78CF892CE3B5}.Debug|Any CPU.Build.0 = Debug|Any CPU
		{D8055EDF-42AE-46BE-A734-78CF892CE3B5}.Release|Any CPU.ActiveCfg = Release|Any CPU
		{D8055EDF-42AE-46BE-A734-78CF892CE3B5}.Release|Any CPU.Build.0 = Release|Any CPU
		{7D7A6FEF-B2B2-4DDE-B65A-5B8A0C35411D}.Debug|Any CPU.ActiveCfg = Debug|Any CPU
		{7D7A6FEF-B2B2-4DDE-B65A-5B8A0C35411D}.Debug|Any CPU.Build.0 = Debug|Any CPU
		{7D7A6FEF-B2B2-4DDE-B65A-5B8A0C35411D}.Release|Any CPU.ActiveCfg = Release|Any CPU
		{7D7A6FEF-B2B2-4DDE-B65A-5B8A0C35411D}.Release|Any CPU.Build.0 = Release|Any CPU
		{5AB48931-45B5-4ADF-A0D9-15AF67E07415}.Debug|Any CPU.ActiveCfg = Debug|Any CPU
		{5AB48931-45B5-4ADF-A0D9-15AF67E07415}.Debug|Any CPU.Build.0 = Debug|Any CPU
		{5AB48931-45B5-4ADF-A0D9-15AF67E07415}.Release|Any CPU.ActiveCfg = Release|Any CPU
		{5AB48931-45B5-4ADF-A0D9-15AF67E07415}.Release|Any CPU.Build.0 = Release|Any CPU
	EndGlobalSection
	GlobalSection(SolutionProperties) = preSolution
		HideSolutionNode = FALSE
	EndGlobalSection
	GlobalSection(NestedProjects) = preSolution
		{BC1651EA-3E72-49FF-B3A7-A65E3BAA4C56} = {81905FCE-DB1B-4BF6-BB12-E05EDA81D23E}
		{E336F49E-5E34-420C-B528-FCA69D4D0ABD} = {3D0B19C2-C88E-4B34-9073-677642831EB0}
		{74BBF5D3-B671-4D69-BBAD-046EA6F9FAD4} = {0C2DEB9B-B6D3-4619-881E-1913BD24D1F3}
		{EF069282-47EA-4529-8C2F-EB0235D508D1} = {B8CAAC5C-4EFE-4595-B103-190F0DD379EF}
		{0BD43284-5538-48F2-B7BC-99CC4FE5214E} = {B8CAAC5C-4EFE-4595-B103-190F0DD379EF}
		{0D5D614C-4066-4C9C-8D95-EAADBC9B5525} = {E543F4E5-E57C-4CC5-9176-3D7440B2E8EA}
		{D742469B-8AF4-478F-8589-A1108D02F8C0} = {0C2DEB9B-B6D3-4619-881E-1913BD24D1F3}
		{850EC662-7E96-41AF-80E2-AAF86454E2CA} = {3D0B19C2-C88E-4B34-9073-677642831EB0}
		{F886BD3A-B00D-4550-AC9D-9E1C78EDFFE7} = {7021F5C1-AE52-48D1-80B0-69E69CF00B14}
		{2627FF28-6F47-44CC-8CA8-1F015626BFBD} = {B8CAAC5C-4EFE-4595-B103-190F0DD379EF}
		{B8CAAC5C-4EFE-4595-B103-190F0DD379EF} = {74BBF5D3-B671-4D69-BBAD-046EA6F9FAD4}
		{3D0B19C2-C88E-4B34-9073-677642831EB0} = {74BBF5D3-B671-4D69-BBAD-046EA6F9FAD4}
		{012B5DF1-99BE-43AD-A100-6287FF5DB142} = {81905FCE-DB1B-4BF6-BB12-E05EDA81D23E}
		{DDB0EB33-6A84-461A-BC5F-66AEA84E2A49} = {E543F4E5-E57C-4CC5-9176-3D7440B2E8EA}
		{D8055EDF-42AE-46BE-A734-78CF892CE3B5} = {E543F4E5-E57C-4CC5-9176-3D7440B2E8EA}
		{7D7A6FEF-B2B2-4DDE-B65A-5B8A0C35411D} = {7021F5C1-AE52-48D1-80B0-69E69CF00B14}
		{5AB48931-45B5-4ADF-A0D9-15AF67E07415} = {7021F5C1-AE52-48D1-80B0-69E69CF00B14}
	EndGlobalSection
	GlobalSection(ExtensibilityGlobals) = postSolution
		SolutionGuid = {80D05912-2D7B-4B13-8F4C-25DEDE32BC5B}
	EndGlobalSection
EndGlobal
