
Microsoft Visual Studio Solution File, Format Version 12.00
# Visual Studio Version 17
VisualStudioVersion = 17.0.32014.148
MinimumVisualStudioVersion = 10.0.40219.1
Project("{9A19103F-16F7-4668-BE54-9A1E7A4F7556}") = "TelegramBot.Handlers", "MultiBot\TelegramBot.Handlers.csproj", "{1D5AB572-99A0-4DA8-AC4B-94E9D0D62C50}"
EndProject
Project("{9A19103F-16F7-4668-BE54-9A1E7A4F7556}") = "Application", "Domain\Application.csproj", "{BC1651EA-3E72-49FF-B3A7-A65E3BAA4C56}"
EndProject
Project("{9A19103F-16F7-4668-BE54-9A1E7A4F7556}") = "Persistence.Sql", "Infrastructure.Sql\Persistence.Sql.csproj", "{E336F49E-5E34-420C-B528-FCA69D4D0ABD}"
EndProject
Project("{9A19103F-16F7-4668-BE54-9A1E7A4F7556}") = "Infrastructure.TelegramBot", "Infrastructure.UI.Telegram\Infrastructure.TelegramBot.csproj", "{AC731A4E-EEF8-4BF1-8319-D7B9A437381D}"
EndProject
Project("{9A19103F-16F7-4668-BE54-9A1E7A4F7556}") = "Infrastructure.TextUI.Core", "Infrastructure.UI.Core\Infrastructure.TextUI.Core.csproj", "{FEA9B573-FE4B-432B-99AC-FC1AA2E24FEB}"
EndProject
Project("{2150E333-8FDC-42A3-9474-1A3956D46DE8}") = "Infrastructure", "Infrastructure", "{0C2DEB9B-B6D3-4619-881E-1913BD24D1F3}"
EndProject
Project("{2150E333-8FDC-42A3-9474-1A3956D46DE8}") = "Persistence", "Persistence", "{74BBF5D3-B671-4D69-BBAD-046EA6F9FAD4}"
EndProject
Project("{2150E333-8FDC-42A3-9474-1A3956D46DE8}") = "UI", "UI", "{08958154-A89B-4AEE-9E54-F028076E530A}"
EndProject
Project("{9A19103F-16F7-4668-BE54-9A1E7A4F7556}") = "Kernel", "Infrastructure.Kernel\Kernel.csproj", "{61C35052-3E7C-4F08-8673-5CC0249BF898}"
EndProject
Project("{9A19103F-16F7-4668-BE54-9A1E7A4F7556}") = "Persistence.Caching.Redis", "Persistence.Caching.Redis\Persistence.Caching.Redis.csproj", "{EF069282-47EA-4529-8C2F-EB0235D508D1}"
EndProject
Project("{9A19103F-16F7-4668-BE54-9A1E7A4F7556}") = "Persistence.Caching.Redis.TelegramCaching", "Persistence.Caching.Redis.TelegramCaching\Persistence.Caching.Redis.TelegramCaching.csproj", "{0BD43284-5538-48F2-B7BC-99CC4FE5214E}"
EndProject
Project("{2150E333-8FDC-42A3-9474-1A3956D46DE8}") = "Jobs", "Jobs", "{C085BB19-87F0-4C4B-B3B2-B06F50A42FAB}"
EndProject
Project("{9A19103F-16F7-4668-BE54-9A1E7A4F7556}") = "Infrastructure.Jobs.Executor", "Infrastructure.Jobs.Executor\Infrastructure.Jobs.Executor.csproj", "{80686B34-FC64-4F65-9518-3F171C604A77}"
EndProject
Project("{9A19103F-16F7-4668-BE54-9A1E7A4F7556}") = "Infrastructure.Jobs.Core", "Infrastructure.Jobs.Core\Infrastructure.Jobs.Core.csproj", "{2A2AF08F-F153-4262-9EF5-E4580DFA50B5}"
EndProject
Project("{9A19103F-16F7-4668-BE54-9A1E7A4F7556}") = "TelegramBot.IOHandler", "TelegramBot.IOHandler\TelegramBot.IOHandler.csproj", "{0D5D614C-4066-4C9C-8D95-EAADBC9B5525}"
EndProject
Project("{FAE04EC0-301F-11D3-BF4B-00C04F79EFBC}") = "Infrastructure.Queuing", "Infrastructure.Queuing\Infrastructure.Queuing.csproj", "{D742469B-8AF4-478F-8589-A1108D02F8C0}"
EndProject
Global
	GlobalSection(SolutionConfigurationPlatforms) = preSolution
		Debug|Any CPU = Debug|Any CPU
		Release|Any CPU = Release|Any CPU
	EndGlobalSection
	GlobalSection(ProjectConfigurationPlatforms) = postSolution
		{1D5AB572-99A0-4DA8-AC4B-94E9D0D62C50}.Debug|Any CPU.ActiveCfg = Debug|Any CPU
		{1D5AB572-99A0-4DA8-AC4B-94E9D0D62C50}.Debug|Any CPU.Build.0 = Debug|Any CPU
		{1D5AB572-99A0-4DA8-AC4B-94E9D0D62C50}.Release|Any CPU.ActiveCfg = Release|Any CPU
		{1D5AB572-99A0-4DA8-AC4B-94E9D0D62C50}.Release|Any CPU.Build.0 = Release|Any CPU
		{BC1651EA-3E72-49FF-B3A7-A65E3BAA4C56}.Debug|Any CPU.ActiveCfg = Debug|Any CPU
		{BC1651EA-3E72-49FF-B3A7-A65E3BAA4C56}.Debug|Any CPU.Build.0 = Debug|Any CPU
		{BC1651EA-3E72-49FF-B3A7-A65E3BAA4C56}.Release|Any CPU.ActiveCfg = Release|Any CPU
		{BC1651EA-3E72-49FF-B3A7-A65E3BAA4C56}.Release|Any CPU.Build.0 = Release|Any CPU
		{E336F49E-5E34-420C-B528-FCA69D4D0ABD}.Debug|Any CPU.ActiveCfg = Debug|Any CPU
		{E336F49E-5E34-420C-B528-FCA69D4D0ABD}.Debug|Any CPU.Build.0 = Debug|Any CPU
		{E336F49E-5E34-420C-B528-FCA69D4D0ABD}.Release|Any CPU.ActiveCfg = Release|Any CPU
		{E336F49E-5E34-420C-B528-FCA69D4D0ABD}.Release|Any CPU.Build.0 = Release|Any CPU
		{AC731A4E-EEF8-4BF1-8319-D7B9A437381D}.Debug|Any CPU.ActiveCfg = Debug|Any CPU
		{AC731A4E-EEF8-4BF1-8319-D7B9A437381D}.Debug|Any CPU.Build.0 = Debug|Any CPU
		{AC731A4E-EEF8-4BF1-8319-D7B9A437381D}.Release|Any CPU.ActiveCfg = Release|Any CPU
		{AC731A4E-EEF8-4BF1-8319-D7B9A437381D}.Release|Any CPU.Build.0 = Release|Any CPU
		{FEA9B573-FE4B-432B-99AC-FC1AA2E24FEB}.Debug|Any CPU.ActiveCfg = Debug|Any CPU
		{FEA9B573-FE4B-432B-99AC-FC1AA2E24FEB}.Debug|Any CPU.Build.0 = Debug|Any CPU
		{FEA9B573-FE4B-432B-99AC-FC1AA2E24FEB}.Release|Any CPU.ActiveCfg = Release|Any CPU
		{FEA9B573-FE4B-432B-99AC-FC1AA2E24FEB}.Release|Any CPU.Build.0 = Release|Any CPU
		{61C35052-3E7C-4F08-8673-5CC0249BF898}.Debug|Any CPU.ActiveCfg = Debug|Any CPU
		{61C35052-3E7C-4F08-8673-5CC0249BF898}.Debug|Any CPU.Build.0 = Debug|Any CPU
		{61C35052-3E7C-4F08-8673-5CC0249BF898}.Release|Any CPU.ActiveCfg = Release|Any CPU
		{61C35052-3E7C-4F08-8673-5CC0249BF898}.Release|Any CPU.Build.0 = Release|Any CPU
		{EF069282-47EA-4529-8C2F-EB0235D508D1}.Debug|Any CPU.ActiveCfg = Debug|Any CPU
		{EF069282-47EA-4529-8C2F-EB0235D508D1}.Debug|Any CPU.Build.0 = Debug|Any CPU
		{EF069282-47EA-4529-8C2F-EB0235D508D1}.Release|Any CPU.ActiveCfg = Release|Any CPU
		{EF069282-47EA-4529-8C2F-EB0235D508D1}.Release|Any CPU.Build.0 = Release|Any CPU
		{0BD43284-5538-48F2-B7BC-99CC4FE5214E}.Debug|Any CPU.ActiveCfg = Debug|Any CPU
		{0BD43284-5538-48F2-B7BC-99CC4FE5214E}.Debug|Any CPU.Build.0 = Debug|Any CPU
		{0BD43284-5538-48F2-B7BC-99CC4FE5214E}.Release|Any CPU.ActiveCfg = Release|Any CPU
		{0BD43284-5538-48F2-B7BC-99CC4FE5214E}.Release|Any CPU.Build.0 = Release|Any CPU
		{80686B34-FC64-4F65-9518-3F171C604A77}.Debug|Any CPU.ActiveCfg = Debug|Any CPU
		{80686B34-FC64-4F65-9518-3F171C604A77}.Debug|Any CPU.Build.0 = Debug|Any CPU
		{80686B34-FC64-4F65-9518-3F171C604A77}.Release|Any CPU.ActiveCfg = Release|Any CPU
		{80686B34-FC64-4F65-9518-3F171C604A77}.Release|Any CPU.Build.0 = Release|Any CPU
		{2A2AF08F-F153-4262-9EF5-E4580DFA50B5}.Debug|Any CPU.ActiveCfg = Debug|Any CPU
		{2A2AF08F-F153-4262-9EF5-E4580DFA50B5}.Debug|Any CPU.Build.0 = Debug|Any CPU
		{2A2AF08F-F153-4262-9EF5-E4580DFA50B5}.Release|Any CPU.ActiveCfg = Release|Any CPU
		{2A2AF08F-F153-4262-9EF5-E4580DFA50B5}.Release|Any CPU.Build.0 = Release|Any CPU
		{0D5D614C-4066-4C9C-8D95-EAADBC9B5525}.Debug|Any CPU.ActiveCfg = Debug|Any CPU
		{0D5D614C-4066-4C9C-8D95-EAADBC9B5525}.Debug|Any CPU.Build.0 = Debug|Any CPU
		{0D5D614C-4066-4C9C-8D95-EAADBC9B5525}.Release|Any CPU.ActiveCfg = Release|Any CPU
		{0D5D614C-4066-4C9C-8D95-EAADBC9B5525}.Release|Any CPU.Build.0 = Release|Any CPU
		{D742469B-8AF4-478F-8589-A1108D02F8C0}.Debug|Any CPU.ActiveCfg = Debug|Any CPU
		{D742469B-8AF4-478F-8589-A1108D02F8C0}.Debug|Any CPU.Build.0 = Debug|Any CPU
		{D742469B-8AF4-478F-8589-A1108D02F8C0}.Release|Any CPU.ActiveCfg = Release|Any CPU
		{D742469B-8AF4-478F-8589-A1108D02F8C0}.Release|Any CPU.Build.0 = Release|Any CPU
	EndGlobalSection
	GlobalSection(SolutionProperties) = preSolution
		HideSolutionNode = FALSE
	EndGlobalSection
	GlobalSection(NestedProjects) = preSolution
		{E336F49E-5E34-420C-B528-FCA69D4D0ABD} = {74BBF5D3-B671-4D69-BBAD-046EA6F9FAD4}
		{AC731A4E-EEF8-4BF1-8319-D7B9A437381D} = {08958154-A89B-4AEE-9E54-F028076E530A}
		{FEA9B573-FE4B-432B-99AC-FC1AA2E24FEB} = {08958154-A89B-4AEE-9E54-F028076E530A}
		{74BBF5D3-B671-4D69-BBAD-046EA6F9FAD4} = {0C2DEB9B-B6D3-4619-881E-1913BD24D1F3}
		{08958154-A89B-4AEE-9E54-F028076E530A} = {0C2DEB9B-B6D3-4619-881E-1913BD24D1F3}
		{61C35052-3E7C-4F08-8673-5CC0249BF898} = {0C2DEB9B-B6D3-4619-881E-1913BD24D1F3}
		{EF069282-47EA-4529-8C2F-EB0235D508D1} = {74BBF5D3-B671-4D69-BBAD-046EA6F9FAD4}
		{0BD43284-5538-48F2-B7BC-99CC4FE5214E} = {74BBF5D3-B671-4D69-BBAD-046EA6F9FAD4}
		{C085BB19-87F0-4C4B-B3B2-B06F50A42FAB} = {0C2DEB9B-B6D3-4619-881E-1913BD24D1F3}
		{80686B34-FC64-4F65-9518-3F171C604A77} = {C085BB19-87F0-4C4B-B3B2-B06F50A42FAB}
		{2A2AF08F-F153-4262-9EF5-E4580DFA50B5} = {C085BB19-87F0-4C4B-B3B2-B06F50A42FAB}
		{D742469B-8AF4-478F-8589-A1108D02F8C0} = {0C2DEB9B-B6D3-4619-881E-1913BD24D1F3}
	EndGlobalSection
	GlobalSection(ExtensibilityGlobals) = postSolution
		SolutionGuid = {80D05912-2D7B-4B13-8F4C-25DEDE32BC5B}
	EndGlobalSection
EndGlobal
